// !$*UTF8*$!
{
	archiveVersion = 1;
	classes = {
	};
	objectVersion = 46;
	objects = {

/* Begin PBXBuildFile section */
		836010752008984200FC83BE /* AppDelegate.swift in Sources */ = {isa = PBXBuildFile; fileRef = 836010742008984200FC83BE /* AppDelegate.swift */; };
		836010772008984200FC83BE /* ViewController.swift in Sources */ = {isa = PBXBuildFile; fileRef = 836010762008984200FC83BE /* ViewController.swift */; };
		8360107A2008984200FC83BE /* Main.storyboard in Resources */ = {isa = PBXBuildFile; fileRef = 836010782008984200FC83BE /* Main.storyboard */; };
		8360107C2008984200FC83BE /* Assets.xcassets in Resources */ = {isa = PBXBuildFile; fileRef = 8360107B2008984200FC83BE /* Assets.xcassets */; };
		8360107F2008984200FC83BE /* LaunchScreen.storyboard in Resources */ = {isa = PBXBuildFile; fileRef = 8360107D2008984200FC83BE /* LaunchScreen.storyboard */; };
		8360108720089AC900FC83BE /* raj.jpg in Resources */ = {isa = PBXBuildFile; fileRef = 8360108620089AC900FC83BE /* raj.jpg */; };
/* End PBXBuildFile section */

/* Begin PBXFileReference section */
		836010712008984200FC83BE /* Starting.app */ = {isa = PBXFileReference; explicitFileType = wrapper.application; includeInIndex = 0; path = Starting.app; sourceTree = BUILT_PRODUCTS_DIR; };
		836010742008984200FC83BE /* AppDelegate.swift */ = {isa = PBXFileReference; lastKnownFileType = sourcecode.swift; path = AppDelegate.swift; sourceTree = "<group>"; };
		836010762008984200FC83BE /* ViewController.swift */ = {isa = PBXFileReference; lastKnownFileType = sourcecode.swift; path = ViewController.swift; sourceTree = "<group>"; };
		836010792008984200FC83BE /* Base */ = {isa = PBXFileReference; lastKnownFileType = file.storyboard; name = Base; path = Base.lproj/Main.storyboard; sourceTree = "<group>"; };
		8360107B2008984200FC83BE /* Assets.xcassets */ = {isa = PBXFileReference; lastKnownFileType = folder.assetcatalog; path = Assets.xcassets; sourceTree = "<group>"; };
		8360107E2008984200FC83BE /* Base */ = {isa = PBXFileReference; lastKnownFileType = file.storyboard; name = Base; path = Base.lproj/LaunchScreen.storyboard; sourceTree = "<group>"; };
		836010802008984200FC83BE /* Info.plist */ = {isa = PBXFileReference; lastKnownFileType = text.plist.xml; path = Info.plist; sourceTree = "<group>"; };
		8360108620089AC900FC83BE /* raj.jpg */ = {isa = PBXFileReference; lastKnownFileType = image.jpeg; name = raj.jpg; path = ../../../../Downloads/raj.jpg; sourceTree = "<group>"; };
/* End PBXFileReference section */

/* Begin PBXFrameworksBuildPhase section */
		8360106E2008984200FC83BE /* Frameworks */ = {
			isa = PBXFrameworksBuildPhase;
			buildActionMask = 2147483647;
			files = (
			);
			runOnlyForDeploymentPostprocessing = 0;
		};
/* End PBXFrameworksBuildPhase section */

/* Begin PBXGroup section */
		836010682008984200FC83BE = {
			isa = PBXGroup;
			children = (
				836010732008984200FC83BE /* Starting */,
				836010722008984200FC83BE /* Products */,
			);
			sourceTree = "<group>";
		};
		836010722008984200FC83BE /* Products */ = {
			isa = PBXGroup;
			children = (
				836010712008984200FC83BE /* Starting.app */,
			);
			name = Products;
			sourceTree = "<group>";
		};
		836010732008984200FC83BE /* Starting */ = {
			isa = PBXGroup;
			children = (
				836010742008984200FC83BE /* AppDelegate.swift */,
				836010762008984200FC83BE /* ViewController.swift */,
				836010782008984200FC83BE /* Main.storyboard */,
				8360108620089AC900FC83BE /* raj.jpg */,
				8360107B2008984200FC83BE /* Assets.xcassets */,
				8360107D2008984200FC83BE /* LaunchScreen.storyboard */,
				836010802008984200FC83BE /* Info.plist */,
			);
			path = Starting;
			sourceTree = "<group>";
		};
/* End PBXGroup section */

/* Begin PBXNativeTarget section */
		836010702008984200FC83BE /* Starting */ = {
			isa = PBXNativeTarget;
			buildConfigurationList = 836010832008984200FC83BE /* Build configuration list for PBXNativeTarget "Starting" */;
			buildPhases = (
				8360106D2008984200FC83BE /* Sources */,
				8360106E2008984200FC83BE /* Frameworks */,
				8360106F2008984200FC83BE /* Resources */,
			);
			buildRules = (
			);
			dependencies = (
			);
			name = Starting;
			productName = Starting;
			productReference = 836010712008984200FC83BE /* Starting.app */;
			productType = "com.apple.product-type.application";
		};
/* End PBXNativeTarget section */

/* Begin PBXProject section */
		836010692008984200FC83BE /* Project object */ = {
			isa = PBXProject;
			attributes = {
				LastSwiftUpdateCheck = 0830;
				LastUpgradeCheck = 0830;
				ORGANIZATIONNAME = Raj;
				TargetAttributes = {
					836010702008984200FC83BE = {
						CreatedOnToolsVersion = 8.3.3;
						ProvisioningStyle = Automatic;
					};
				};
			};
			buildConfigurationList = 8360106C2008984200FC83BE /* Build configuration list for PBXProject "Starting" */;
			compatibilityVersion = "Xcode 3.2";
			developmentRegion = English;
			hasScannedForEncodings = 0;
			knownRegions = (
				en,
				Base,
			);
			mainGroup = 836010682008984200FC83BE;
			productRefGroup = 836010722008984200FC83BE /* Products */;
			projectDirPath = "";
			projectRoot = "";
			targets = (
				836010702008984200FC83BE /* Starting */,
			);
		};
/* End PBXProject section */

/* Begin PBXResourcesBuildPhase section */
		8360106F2008984200FC83BE /* Resources */ = {
			isa = PBXResourcesBuildPhase;
			buildActionMask = 2147483647;
			files = (
				8360107F2008984200FC83BE /* LaunchScreen.storyboard in Resources */,
				8360107C2008984200FC83BE /* Assets.xcassets in Resources */,
				8360107A2008984200FC83BE /* Main.storyboard in Resources */,
				8360108720089AC900FC83BE /* raj.jpg in Resources */,
			);
			runOnlyForDeploymentPostprocessing = 0;
		};
/* End PBXResourcesBuildPhase section */

/* Begin PBXSourcesBuildPhase section */
		8360106D2008984200FC83BE /* Sources */ = {
			isa = PBXSourcesBuildPhase;
			buildActionMask = 2147483647;
			files = (
				836010772008984200FC83BE /* ViewController.swift in Sources */,
				836010752008984200FC83BE /* AppDelegate.swift in Sources */,
			);
			runOnlyForDeploymentPostprocessing = 0;
		};
/* End PBXSourcesBuildPhase section */

/* Begin PBXVariantGroup section */
		836010782008984200FC83BE /* Main.storyboard */ = {
			isa = PBXVariantGroup;
			children = (
				836010792008984200FC83BE /* Base */,
			);
			name = Main.storyboard;
			sourceTree = "<group>";
		};
		8360107D2008984200FC83BE /* LaunchScreen.storyboard */ = {
			isa = PBXVariantGroup;
			children = (
				8360107E2008984200FC83BE /* Base */,
			);
			name = LaunchScreen.storyboard;
			sourceTree = "<group>";
		};
/* End PBXVariantGroup section */

/* Begin XCBuildConfiguration section */
		836010812008984200FC83BE /* Debug */ = {
			isa = XCBuildConfiguration;
			buildSettings = {
				ALWAYS_SEARCH_USER_PATHS = NO;
				CLANG_ANALYZER_NONNULL = YES;
				CLANG_ANALYZER_NUMBER_OBJECT_CONVERSION = YES_AGGRESSIVE;
				CLANG_CXX_LANGUAGE_STANDARD = "gnu++0x";
				CLANG_CXX_LIBRARY = "libc++";
				CLANG_ENABLE_MODULES = YES;
				CLANG_ENABLE_OBJC_ARC = YES;
				CLANG_WARN_BOOL_CONVERSION = YES;
				CLANG_WARN_CONSTANT_CONVERSION = YES;
				CLANG_WARN_DIRECT_OBJC_ISA_USAGE = YES_ERROR;
				CLANG_WARN_DOCUMENTATION_COMMENTS = YES;
				CLANG_WARN_EMPTY_BODY = YES;
				CLANG_WARN_ENUM_CONVERSION = YES;
				CLANG_WARN_INFINITE_RECURSION = YES;
				CLANG_WARN_INT_CONVERSION = YES;
				CLANG_WARN_OBJC_ROOT_CLASS = YES_ERROR;
				CLANG_WARN_SUSPICIOUS_MOVE = YES;
				CLANG_WARN_UNREACHABLE_CODE = YES;
				CLANG_WARN__DUPLICATE_METHOD_MATCH = YES;
				"CODE_SIGN_IDENTITY[sdk=iphoneos*]" = "iPhone Developer";
				COPY_PHASE_STRIP = NO;
				DEBUG_INFORMATION_FORMAT = dwarf;
				ENABLE_STRICT_OBJC_MSGSEND = YES;
				ENABLE_TESTABILITY = YES;
				GCC_C_LANGUAGE_STANDARD = gnu99;
				GCC_DYNAMIC_NO_PIC = NO;
				GCC_NO_COMMON_BLOCKS = YES;
				GCC_OPTIMIZATION_LEVEL = 0;
				GCC_PREPROCESSOR_DEFINITIONS = (
					"DEBUG=1",
					"$(inherited)",
				);
				GCC_WARN_64_TO_32_BIT_CONVERSION = YES;
				GCC_WARN_ABOUT_RETURN_TYPE = YES_ERROR;
				GCC_WARN_UNDECLARED_SELECTOR = YES;
				GCC_WARN_UNINITIALIZED_AUTOS = YES_AGGRESSIVE;
				GCC_WARN_UNUSED_FUNCTION = YES;
				GCC_WARN_UNUSED_VARIABLE = YES;
				IPHONEOS_DEPLOYMENT_TARGET = 10.3;
				MTL_ENABLE_DEBUG_INFO = YES;
				ONLY_ACTIVE_ARCH = YES;
				SDKROOT = iphoneos;
				SWIFT_ACTIVE_COMPILATION_CONDITIONS = DEBUG;
				SWIFT_OPTIMIZATION_LEVEL = "-Onone";
				TARGETED_DEVICE_FAMILY = "1,2";
			};
			name = Debug;
		};
		836010822008984200FC83BE /* Release */ = {
			isa = XCBuildConfiguration;
			buildSettings = {
				ALWAYS_SEARCH_USER_PATHS = NO;
				CLANG_ANALYZER_NONNULL = YES;
				CLANG_ANALYZER_NUMBER_OBJECT_CONVERSION = YES_AGGRESSIVE;
				CLANG_CXX_LANGUAGE_STANDARD = "gnu++0x";
				CLANG_CXX_LIBRARY = "libc++";
				CLANG_ENABLE_MODULES = YES;
				CLANG_ENABLE_OBJC_ARC = YES;
				CLANG_WARN_BOOL_CONVERSION = YES;
				CLANG_WARN_CONSTANT_CONVERSION = YES;
				CLANG_WARN_DIRECT_OBJC_ISA_USAGE = YES_ERROR;
				CLANG_WARN_DOCUMENTATION_COMMENTS = YES;
				CLANG_WARN_EMPTY_BODY = YES;
				CLANG_WARN_ENUM_CONVERSION = YES;
				CLANG_WARN_INFINITE_RECURSION = YES;
				CLANG_WARN_INT_CONVERSION = YES;
				CLANG_WARN_OBJC_ROOT_CLASS = YES_ERROR;
				CLANG_WARN_SUSPICIOUS_MOVE = YES;
				CLANG_WARN_UNREACHABLE_CODE = YES;
				CLANG_WARN__DUPLICATE_METHOD_MATCH = YES;
				"CODE_SIGN_IDENTITY[sdk=iphoneos*]" = "iPhone Developer";
				COPY_PHASE_STRIP = NO;
				DEBUG_INFORMATION_FORMAT = "dwarf-with-dsym";
				ENABLE_NS_ASSERTIONS = NO;
				ENABLE_STRICT_OBJC_MSGSEND = YES;
				GCC_C_LANGUAGE_STANDARD = gnu99;
				GCC_NO_COMMON_BLOCKS = YES;
				GCC_WARN_64_TO_32_BIT_CONVERSION = YES;
				GCC_WARN_ABOUT_RETURN_TYPE = YES_ERROR;
				GCC_WARN_UNDECLARED_SELECTOR = YES;
				GCC_WARN_UNINITIALIZED_AUTOS = YES_AGGRESSIVE;
				GCC_WARN_UNUSED_FUNCTION = YES;
				GCC_WARN_UNUSED_VARIABLE = YES;
				IPHONEOS_DEPLOYMENT_TARGET = 10.3;
				MTL_ENABLE_DEBUG_INFO = NO;
				SDKROOT = iphoneos;
				SWIFT_OPTIMIZATION_LEVEL = "-Owholemodule";
				TARGETED_DEVICE_FAMILY = "1,2";
				VALIDATE_PRODUCT = YES;
			};
			name = Release;
		};
		836010842008984200FC83BE /* Debug */ = {
			isa = XCBuildConfiguration;
			buildSettings = {
				ASSETCATALOG_COMPILER_APPICON_NAME = AppIcon;
				INFOPLIST_FILE = Starting/Info.plist;
				LD_RUNPATH_SEARCH_PATHS = "$(inherited) @executable_path/Frameworks";
				PRODUCT_BUNDLE_IDENTIFIER = Raj.Starting;
				PRODUCT_NAME = "$(TARGET_NAME)";
				SWIFT_VERSION = 3.0;
			};
			name = Debug;
		};
		836010852008984200FC83BE /* Release */ = {
			isa = XCBuildConfiguration;
			buildSettings = {
				ASSETCATALOG_COMPILER_APPICON_NAME = AppIcon;
				INFOPLIST_FILE = Starting/Info.plist;
				LD_RUNPATH_SEARCH_PATHS = "$(inherited) @executable_path/Frameworks";
				PRODUCT_BUNDLE_IDENTIFIER = Raj.Starting;
				PRODUCT_NAME = "$(TARGET_NAME)";
				SWIFT_VERSION = 3.0;
			};
			name = Release;
		};
/* End XCBuildConfiguration section */

/* Begin XCConfigurationList section */
		8360106C2008984200FC83BE /* Build configuration list for PBXProject "Starting" */ = {
			isa = XCConfigurationList;
			buildConfigurations = (
				836010812008984200FC83BE /* Debug */,
				836010822008984200FC83BE /* Release */,
			);
			defaultConfigurationIsVisible = 0;
			defaultConfigurationName = Release;
		};
		836010832008984200FC83BE /* Build configuration list for PBXNativeTarget "Starting" */ = {
			isa = XCConfigurationList;
			buildConfigurations = (
				836010842008984200FC83BE /* Debug */,
				836010852008984200FC83BE /* Release */,
			);
			defaultConfigurationIsVisible = 0;
		};
/* End XCConfigurationList section */
	};
	rootObject = 836010692008984200FC83BE /* Project object */;
}
